// !$*UTF8*$!
{
	archiveVersion = 1;
	classes = {
	};
	objectVersion = 46;
	objects = {

/* Begin PBXBuildFile section */
		89DF374F1F587BCE002A5963 /* CBTAsset.m in Sources */ = {isa = PBXBuildFile; fileRef = 89DF374E1F587BCE002A5963 /* CBTAsset.m */; };
		89E3508B1F50B577002E671D /* CBTEmployee.m in Sources */ = {isa = PBXBuildFile; fileRef = 89E3508A1F50B577002E671D /* CBTEmployee.m */; };
		89FA38991F4E09D5008F703C /* main.m in Sources */ = {isa = PBXBuildFile; fileRef = 89FA38981F4E09D5008F703C /* main.m */; };
		89FA38A11F4E0B73008F703C /* CBTPerson.m in Sources */ = {isa = PBXBuildFile; fileRef = 89FA38A01F4E0B73008F703C /* CBTPerson.m */; };
/* End PBXBuildFile section */

/* Begin PBXCopyFilesBuildPhase section */
		89FA38931F4E09D5008F703C /* CopyFiles */ = {
			isa = PBXCopyFilesBuildPhase;
			buildActionMask = 2147483647;
			dstPath = /usr/share/man/man1/;
			dstSubfolderSpec = 0;
			files = (
			);
			runOnlyForDeploymentPostprocessing = 1;
		};
/* End PBXCopyFilesBuildPhase section */

/* Begin PBXFileReference section */
		89DF374D1F587BCE002A5963 /* CBTAsset.h */ = {isa = PBXFileReference; fileEncoding = 4; lastKnownFileType = sourcecode.c.h; path = CBTAsset.h; sourceTree = "<group>"; };
		89DF374E1F587BCE002A5963 /* CBTAsset.m */ = {isa = PBXFileReference; fileEncoding = 4; lastKnownFileType = sourcecode.c.objc; path = CBTAsset.m; sourceTree = "<group>"; };
		89E350891F50B577002E671D /* CBTEmployee.h */ = {isa = PBXFileReference; fileEncoding = 4; lastKnownFileType = sourcecode.c.h; path = CBTEmployee.h; sourceTree = "<group>"; };
		89E3508A1F50B577002E671D /* CBTEmployee.m */ = {isa = PBXFileReference; fileEncoding = 4; lastKnownFileType = sourcecode.c.objc; path = CBTEmployee.m; sourceTree = "<group>"; };
		89FA38951F4E09D5008F703C /* ClassBMITime */ = {isa = PBXFileReference; explicitFileType = "compiled.mach-o.executable"; includeInIndex = 0; path = ClassBMITime; sourceTree = BUILT_PRODUCTS_DIR; };
		89FA38981F4E09D5008F703C /* main.m */ = {isa = PBXFileReference; lastKnownFileType = sourcecode.c.objc; path = main.m; sourceTree = "<group>"; };
		89FA389F1F4E0B73008F703C /* CBTPerson.h */ = {isa = PBXFileReference; fileEncoding = 4; lastKnownFileType = sourcecode.c.h; path = CBTPerson.h; sourceTree = "<group>"; };
		89FA38A01F4E0B73008F703C /* CBTPerson.m */ = {isa = PBXFileReference; fileEncoding = 4; lastKnownFileType = sourcecode.c.objc; path = CBTPerson.m; sourceTree = "<group>"; };
/* End PBXFileReference section */

/* Begin PBXFrameworksBuildPhase section */
		89FA38921F4E09D5008F703C /* Frameworks */ = {
			isa = PBXFrameworksBuildPhase;
			buildActionMask = 2147483647;
			files = (
			);
			runOnlyForDeploymentPostprocessing = 0;
		};
/* End PBXFrameworksBuildPhase section */

/* Begin PBXGroup section */
		89FA388C1F4E09D5008F703C = {
			isa = PBXGroup;
			children = (
				89FA38971F4E09D5008F703C /* ClassBMITime */,
				89FA38961F4E09D5008F703C /* Products */,
			);
			sourceTree = "<group>";
		};
		89FA38961F4E09D5008F703C /* Products */ = {
			isa = PBXGroup;
			children = (
				89FA38951F4E09D5008F703C /* ClassBMITime */,
			);
			name = Products;
			sourceTree = "<group>";
		};
		89FA38971F4E09D5008F703C /* ClassBMITime */ = {
			isa = PBXGroup;
			children = (
				89FA38981F4E09D5008F703C /* main.m */,
				89FA389F1F4E0B73008F703C /* CBTPerson.h */,
				89FA38A01F4E0B73008F703C /* CBTPerson.m */,
				89E350891F50B577002E671D /* CBTEmployee.h */,
				89E3508A1F50B577002E671D /* CBTEmployee.m */,
				89DF374D1F587BCE002A5963 /* CBTAsset.h */,
				89DF374E1F587BCE002A5963 /* CBTAsset.m */,
			);
			path = ClassBMITime;
			sourceTree = "<group>";
		};
/* End PBXGroup section */

/* Begin PBXNativeTarget section */
		89FA38941F4E09D5008F703C /* ClassBMITime */ = {
			isa = PBXNativeTarget;
			buildConfigurationList = 89FA389C1F4E09D5008F703C /* Build configuration list for PBXNativeTarget "ClassBMITime" */;
			buildPhases = (
				89FA38911F4E09D5008F703C /* Sources */,
				89FA38921F4E09D5008F703C /* Frameworks */,
				89FA38931F4E09D5008F703C /* CopyFiles */,
			);
			buildRules = (
			);
			dependencies = (
			);
			name = ClassBMITime;
			productName = ClassBMITime;
			productReference = 89FA38951F4E09D5008F703C /* ClassBMITime */;
			productType = "com.apple.product-type.tool";
		};
/* End PBXNativeTarget section */

/* Begin PBXProject section */
		89FA388D1F4E09D5008F703C /* Project object */ = {
			isa = PBXProject;
			attributes = {
				LastUpgradeCheck = 0830;
				ORGANIZATIONNAME = "Jeff Ripke";
				TargetAttributes = {
					89FA38941F4E09D5008F703C = {
						CreatedOnToolsVersion = 8.3.3;
						DevelopmentTeam = 997RL2KYD9;
						ProvisioningStyle = Automatic;
					};
				};
			};
			buildConfigurationList = 89FA38901F4E09D5008F703C /* Build configuration list for PBXProject "ClassBMITime" */;
			compatibilityVersion = "Xcode 3.2";
			developmentRegion = English;
			hasScannedForEncodings = 0;
			knownRegions = (
				en,
			);
			mainGroup = 89FA388C1F4E09D5008F703C;
			productRefGroup = 89FA38961F4E09D5008F703C /* Products */;
			projectDirPath = "";
			projectRoot = "";
			targets = (
				89FA38941F4E09D5008F703C /* ClassBMITime */,
			);
		};
/* End PBXProject section */

/* Begin PBXSourcesBuildPhase section */
		89FA38911F4E09D5008F703C /* Sources */ = {
			isa = PBXSourcesBuildPhase;
			buildActionMask = 2147483647;
			files = (
				89FA38991F4E09D5008F703C /* main.m in Sources */,
				89FA38A11F4E0B73008F703C /* CBTPerson.m in Sources */,
				89DF374F1F587BCE002A5963 /* CBTAsset.m in Sources */,
				89E3508B1F50B577002E671D /* CBTEmployee.m in Sources */,
			);
			runOnlyForDeploymentPostprocessing = 0;
		};
/* End PBXSourcesBuildPhase section */

/* Begin XCBuildConfiguration section */
		89FA389A1F4E09D5008F703C /* Debug */ = {
			isa = XCBuildConfiguration;
			buildSettings = {
				ALWAYS_SEARCH_USER_PATHS = NO;
				CLANG_ANALYZER_NONNULL = YES;
				CLANG_ANALYZER_NUMBER_OBJECT_CONVERSION = YES_AGGRESSIVE;
				CLANG_CXX_LANGUAGE_STANDARD = "gnu++0x";
				CLANG_CXX_LIBRARY = "libc++";
				CLANG_ENABLE_MODULES = YES;
				CLANG_ENABLE_OBJC_ARC = YES;
				CLANG_WARN_BOOL_CONVERSION = YES;
				CLANG_WARN_CONSTANT_CONVERSION = YES;
				CLANG_WARN_DIRECT_OBJC_ISA_USAGE = YES_ERROR;
				CLANG_WARN_DOCUMENTATION_COMMENTS = YES;
				CLANG_WARN_EMPTY_BODY = YES;
				CLANG_WARN_ENUM_CONVERSION = YES;
				CLANG_WARN_INFINITE_RECURSION = YES;
				CLANG_WARN_INT_CONVERSION = YES;
				CLANG_WARN_OBJC_ROOT_CLASS = YES_ERROR;
				CLANG_WARN_SUSPICIOUS_MOVE = YES;
				CLANG_WARN_UNREACHABLE_CODE = YES;
				CLANG_WARN__DUPLICATE_METHOD_MATCH = YES;
				CODE_SIGN_IDENTITY = "-";
				COPY_PHASE_STRIP = NO;
				DEBUG_INFORMATION_FORMAT = dwarf;
				ENABLE_STRICT_OBJC_MSGSEND = YES;
				ENABLE_TESTABILITY = YES;
				GCC_C_LANGUAGE_STANDARD = gnu99;
				GCC_DYNAMIC_NO_PIC = NO;
				GCC_NO_COMMON_BLOCKS = YES;
				GCC_OPTIMIZATION_LEVEL = 0;
				GCC_PREPROCESSOR_DEFINITIONS = (
					"DEBUG=1",
					"$(inherited)",
				);
				GCC_WARN_64_TO_32_BIT_CONVERSION = YES;
				GCC_WARN_ABOUT_RETURN_TYPE = YES_ERROR;
				GCC_WARN_UNDECLARED_SELECTOR = YES;
				GCC_WARN_UNINITIALIZED_AUTOS = YES_AGGRESSIVE;
				GCC_WARN_UNUSED_FUNCTION = YES;
				GCC_WARN_UNUSED_VARIABLE = YES;
				MACOSX_DEPLOYMENT_TARGET = 10.12;
				MTL_ENABLE_DEBUG_INFO = YES;
				ONLY_ACTIVE_ARCH = YES;
				SDKROOT = macosx;
			};
			name = Debug;
		};
		89FA389B1F4E09D5008F703C /* Release */ = {
			isa = XCBuildConfiguration;
			buildSettings = {
				ALWAYS_SEARCH_USER_PATHS = NO;
				CLANG_ANALYZER_NONNULL = YES;
				CLANG_ANALYZER_NUMBER_OBJECT_CONVERSION = YES_AGGRESSIVE;
				CLANG_CXX_LANGUAGE_STANDARD = "gnu++0x";
				CLANG_CXX_LIBRARY = "libc++";
				CLANG_ENABLE_MODULES = YES;
				CLANG_ENABLE_OBJC_ARC = YES;
				CLANG_WARN_BOOL_CONVERSION = YES;
				CLANG_WARN_CONSTANT_CONVERSION = YES;
				CLANG_WARN_DIRECT_OBJC_ISA_USAGE = YES_ERROR;
				CLANG_WARN_DOCUMENTATION_COMMENTS = YES;
				CLANG_WARN_EMPTY_BODY = YES;
				CLANG_WARN_ENUM_CONVERSION = YES;
				CLANG_WARN_INFINITE_RECURSION = YES;
				CLANG_WARN_INT_CONVERSION = YES;
				CLANG_WARN_OBJC_ROOT_CLASS = YES_ERROR;
				CLANG_WARN_SUSPICIOUS_MOVE = YES;
				CLANG_WARN_UNREACHABLE_CODE = YES;
				CLANG_WARN__DUPLICATE_METHOD_MATCH = YES;
				CODE_SIGN_IDENTITY = "-";
				COPY_PHASE_STRIP = NO;
				DEBUG_INFORMATION_FORMAT = "dwarf-with-dsym";
				ENABLE_NS_ASSERTIONS = NO;
				ENABLE_STRICT_OBJC_MSGSEND = YES;
				GCC_C_LANGUAGE_STANDARD = gnu99;
				GCC_NO_COMMON_BLOCKS = YES;
				GCC_WARN_64_TO_32_BIT_CONVERSION = YES;
				GCC_WARN_ABOUT_RETURN_TYPE = YES_ERROR;
				GCC_WARN_UNDECLARED_SELECTOR = YES;
				GCC_WARN_UNINITIALIZED_AUTOS = YES_AGGRESSIVE;
				GCC_WARN_UNUSED_FUNCTION = YES;
				GCC_WARN_UNUSED_VARIABLE = YES;
				MACOSX_DEPLOYMENT_TARGET = 10.12;
				MTL_ENABLE_DEBUG_INFO = NO;
				SDKROOT = macosx;
			};
			name = Release;
		};
		89FA389D1F4E09D5008F703C /* Debug */ = {
			isa = XCBuildConfiguration;
			buildSettings = {
				DEVELOPMENT_TEAM = 997RL2KYD9;
				PRODUCT_NAME = "$(TARGET_NAME)";
			};
			name = Debug;
		};
		89FA389E1F4E09D5008F703C /* Release */ = {
			isa = XCBuildConfiguration;
			buildSettings = {
				DEVELOPMENT_TEAM = 997RL2KYD9;
				PRODUCT_NAME = "$(TARGET_NAME)";
			};
			name = Release;
		};
/* End XCBuildConfiguration section */

/* Begin XCConfigurationList section */
		89FA38901F4E09D5008F703C /* Build configuration list for PBXProject "ClassBMITime" */ = {
			isa = XCConfigurationList;
			buildConfigurations = (
				89FA389A1F4E09D5008F703C /* Debug */,
				89FA389B1F4E09D5008F703C /* Release */,
			);
			defaultConfigurationIsVisible = 0;
			defaultConfigurationName = Release;
		};
		89FA389C1F4E09D5008F703C /* Build configuration list for PBXNativeTarget "ClassBMITime" */ = {
			isa = XCConfigurationList;
			buildConfigurations = (
				89FA389D1F4E09D5008F703C /* Debug */,
				89FA389E1F4E09D5008F703C /* Release */,
			);
			defaultConfigurationIsVisible = 0;
			defaultConfigurationName = Release;
		};
/* End XCConfigurationList section */
	};
	rootObject = 89FA388D1F4E09D5008F703C /* Project object */;
}
