// !$*UTF8*$!
{
	archiveVersion = 1;
	classes = {
	};
	objectVersion = 46;
	objects = {

/* Begin PBXBuildFile section */
		894708411F4EBB2500285C95 /* main.m in Sources */ = {isa = PBXBuildFile; fileRef = 894708401F4EBB2500285C95 /* main.m */; };
		894708491F4EBBFC00285C95 /* JARStockHolding.m in Sources */ = {isa = PBXBuildFile; fileRef = 894708481F4EBBFC00285C95 /* JARStockHolding.m */; };
		898C4C7D1F55EC4F004E391E /* JARForeignStockHolding.m in Sources */ = {isa = PBXBuildFile; fileRef = 898C4C7C1F55EC4F004E391E /* JARForeignStockHolding.m */; };
		89DF37521F58A45A002A5963 /* JARPortfolio.m in Sources */ = {isa = PBXBuildFile; fileRef = 89DF37511F58A45A002A5963 /* JARPortfolio.m */; };
/* End PBXBuildFile section */

/* Begin PBXCopyFilesBuildPhase section */
		8947083B1F4EBB2500285C95 /* CopyFiles */ = {
			isa = PBXCopyFilesBuildPhase;
			buildActionMask = 2147483647;
			dstPath = /usr/share/man/man1/;
			dstSubfolderSpec = 0;
			files = (
			);
			runOnlyForDeploymentPostprocessing = 1;
		};
/* End PBXCopyFilesBuildPhase section */

/* Begin PBXFileReference section */
		8947083D1F4EBB2500285C95 /* ChallengeClassStocks */ = {isa = PBXFileReference; explicitFileType = "compiled.mach-o.executable"; includeInIndex = 0; path = ChallengeClassStocks; sourceTree = BUILT_PRODUCTS_DIR; };
		894708401F4EBB2500285C95 /* main.m */ = {isa = PBXFileReference; lastKnownFileType = sourcecode.c.objc; path = main.m; sourceTree = "<group>"; };
		894708471F4EBBFC00285C95 /* JARStockHolding.h */ = {isa = PBXFileReference; fileEncoding = 4; lastKnownFileType = sourcecode.c.h; name = JARStockHolding.h; path = ../JARStockHolding.h; sourceTree = "<group>"; };
		894708481F4EBBFC00285C95 /* JARStockHolding.m */ = {isa = PBXFileReference; fileEncoding = 4; lastKnownFileType = sourcecode.c.objc; name = JARStockHolding.m; path = ../JARStockHolding.m; sourceTree = "<group>"; };
		898C4C7B1F55EC4F004E391E /* JARForeignStockHolding.h */ = {isa = PBXFileReference; fileEncoding = 4; lastKnownFileType = sourcecode.c.h; path = JARForeignStockHolding.h; sourceTree = "<group>"; };
		898C4C7C1F55EC4F004E391E /* JARForeignStockHolding.m */ = {isa = PBXFileReference; fileEncoding = 4; lastKnownFileType = sourcecode.c.objc; path = JARForeignStockHolding.m; sourceTree = "<group>"; };
		89DF37501F58A45A002A5963 /* JARPortfolio.h */ = {isa = PBXFileReference; fileEncoding = 4; lastKnownFileType = sourcecode.c.h; path = JARPortfolio.h; sourceTree = "<group>"; };
		89DF37511F58A45A002A5963 /* JARPortfolio.m */ = {isa = PBXFileReference; fileEncoding = 4; lastKnownFileType = sourcecode.c.objc; path = JARPortfolio.m; sourceTree = "<group>"; };
/* End PBXFileReference section */

/* Begin PBXFrameworksBuildPhase section */
		8947083A1F4EBB2500285C95 /* Frameworks */ = {
			isa = PBXFrameworksBuildPhase;
			buildActionMask = 2147483647;
			files = (
			);
			runOnlyForDeploymentPostprocessing = 0;
		};
/* End PBXFrameworksBuildPhase section */

/* Begin PBXGroup section */
		894708341F4EBB2500285C95 = {
			isa = PBXGroup;
			children = (
				8947083F1F4EBB2500285C95 /* ChallengeClassStocks */,
				8947083E1F4EBB2500285C95 /* Products */,
			);
			sourceTree = "<group>";
		};
		8947083E1F4EBB2500285C95 /* Products */ = {
			isa = PBXGroup;
			children = (
				8947083D1F4EBB2500285C95 /* ChallengeClassStocks */,
			);
			name = Products;
			sourceTree = "<group>";
		};
		8947083F1F4EBB2500285C95 /* ChallengeClassStocks */ = {
			isa = PBXGroup;
			children = (
				894708401F4EBB2500285C95 /* main.m */,
				894708471F4EBBFC00285C95 /* JARStockHolding.h */,
				894708481F4EBBFC00285C95 /* JARStockHolding.m */,
				898C4C7B1F55EC4F004E391E /* JARForeignStockHolding.h */,
				898C4C7C1F55EC4F004E391E /* JARForeignStockHolding.m */,
				89DF37501F58A45A002A5963 /* JARPortfolio.h */,
				89DF37511F58A45A002A5963 /* JARPortfolio.m */,
			);
			path = ChallengeClassStocks;
			sourceTree = "<group>";
		};
/* End PBXGroup section */

/* Begin PBXNativeTarget section */
		8947083C1F4EBB2500285C95 /* ChallengeClassStocks */ = {
			isa = PBXNativeTarget;
			buildConfigurationList = 894708441F4EBB2500285C95 /* Build configuration list for PBXNativeTarget "ChallengeClassStocks" */;
			buildPhases = (
				894708391F4EBB2500285C95 /* Sources */,
				8947083A1F4EBB2500285C95 /* Frameworks */,
				8947083B1F4EBB2500285C95 /* CopyFiles */,
			);
			buildRules = (
			);
			dependencies = (
			);
			name = ChallengeClassStocks;
			productName = ChallengeClassStocks;
			productReference = 8947083D1F4EBB2500285C95 /* ChallengeClassStocks */;
			productType = "com.apple.product-type.tool";
		};
/* End PBXNativeTarget section */

/* Begin PBXProject section */
		894708351F4EBB2500285C95 /* Project object */ = {
			isa = PBXProject;
			attributes = {
				LastUpgradeCheck = 0830;
				ORGANIZATIONNAME = "Jeff Ripke";
				TargetAttributes = {
					8947083C1F4EBB2500285C95 = {
						CreatedOnToolsVersion = 8.3.3;
						DevelopmentTeam = 997RL2KYD9;
						ProvisioningStyle = Automatic;
					};
				};
			};
			buildConfigurationList = 894708381F4EBB2500285C95 /* Build configuration list for PBXProject "ChallengeClassStocks" */;
			compatibilityVersion = "Xcode 3.2";
			developmentRegion = English;
			hasScannedForEncodings = 0;
			knownRegions = (
				en,
			);
			mainGroup = 894708341F4EBB2500285C95;
			productRefGroup = 8947083E1F4EBB2500285C95 /* Products */;
			projectDirPath = "";
			projectRoot = "";
			targets = (
				8947083C1F4EBB2500285C95 /* ChallengeClassStocks */,
			);
		};
/* End PBXProject section */

/* Begin PBXSourcesBuildPhase section */
		894708391F4EBB2500285C95 /* Sources */ = {
			isa = PBXSourcesBuildPhase;
			buildActionMask = 2147483647;
			files = (
				89DF37521F58A45A002A5963 /* JARPortfolio.m in Sources */,
				894708491F4EBBFC00285C95 /* JARStockHolding.m in Sources */,
				894708411F4EBB2500285C95 /* main.m in Sources */,
				898C4C7D1F55EC4F004E391E /* JARForeignStockHolding.m in Sources */,
			);
			runOnlyForDeploymentPostprocessing = 0;
		};
/* End PBXSourcesBuildPhase section */

/* Begin XCBuildConfiguration section */
		894708421F4EBB2500285C95 /* Debug */ = {
			isa = XCBuildConfiguration;
			buildSettings = {
				ALWAYS_SEARCH_USER_PATHS = NO;
				CLANG_ANALYZER_NONNULL = YES;
				CLANG_ANALYZER_NUMBER_OBJECT_CONVERSION = YES_AGGRESSIVE;
				CLANG_CXX_LANGUAGE_STANDARD = "gnu++0x";
				CLANG_CXX_LIBRARY = "libc++";
				CLANG_ENABLE_MODULES = YES;
				CLANG_ENABLE_OBJC_ARC = YES;
				CLANG_WARN_BOOL_CONVERSION = YES;
				CLANG_WARN_CONSTANT_CONVERSION = YES;
				CLANG_WARN_DIRECT_OBJC_ISA_USAGE = YES_ERROR;
				CLANG_WARN_DOCUMENTATION_COMMENTS = YES;
				CLANG_WARN_EMPTY_BODY = YES;
				CLANG_WARN_ENUM_CONVERSION = YES;
				CLANG_WARN_INFINITE_RECURSION = YES;
				CLANG_WARN_INT_CONVERSION = YES;
				CLANG_WARN_OBJC_ROOT_CLASS = YES_ERROR;
				CLANG_WARN_SUSPICIOUS_MOVE = YES;
				CLANG_WARN_UNREACHABLE_CODE = YES;
				CLANG_WARN__DUPLICATE_METHOD_MATCH = YES;
				CODE_SIGN_IDENTITY = "-";
				COPY_PHASE_STRIP = NO;
				DEBUG_INFORMATION_FORMAT = dwarf;
				ENABLE_STRICT_OBJC_MSGSEND = YES;
				ENABLE_TESTABILITY = YES;
				GCC_C_LANGUAGE_STANDARD = gnu99;
				GCC_DYNAMIC_NO_PIC = NO;
				GCC_NO_COMMON_BLOCKS = YES;
				GCC_OPTIMIZATION_LEVEL = 0;
				GCC_PREPROCESSOR_DEFINITIONS = (
					"DEBUG=1",
					"$(inherited)",
				);
				GCC_WARN_64_TO_32_BIT_CONVERSION = YES;
				GCC_WARN_ABOUT_RETURN_TYPE = YES_ERROR;
				GCC_WARN_UNDECLARED_SELECTOR = YES;
				GCC_WARN_UNINITIALIZED_AUTOS = YES_AGGRESSIVE;
				GCC_WARN_UNUSED_FUNCTION = YES;
				GCC_WARN_UNUSED_VARIABLE = YES;
				MACOSX_DEPLOYMENT_TARGET = 10.12;
				MTL_ENABLE_DEBUG_INFO = YES;
				ONLY_ACTIVE_ARCH = YES;
				SDKROOT = macosx;
			};
			name = Debug;
		};
		894708431F4EBB2500285C95 /* Release */ = {
			isa = XCBuildConfiguration;
			buildSettings = {
				ALWAYS_SEARCH_USER_PATHS = NO;
				CLANG_ANALYZER_NONNULL = YES;
				CLANG_ANALYZER_NUMBER_OBJECT_CONVERSION = YES_AGGRESSIVE;
				CLANG_CXX_LANGUAGE_STANDARD = "gnu++0x";
				CLANG_CXX_LIBRARY = "libc++";
				CLANG_ENABLE_MODULES = YES;
				CLANG_ENABLE_OBJC_ARC = YES;
				CLANG_WARN_BOOL_CONVERSION = YES;
				CLANG_WARN_CONSTANT_CONVERSION = YES;
				CLANG_WARN_DIRECT_OBJC_ISA_USAGE = YES_ERROR;
				CLANG_WARN_DOCUMENTATION_COMMENTS = YES;
				CLANG_WARN_EMPTY_BODY = YES;
				CLANG_WARN_ENUM_CONVERSION = YES;
				CLANG_WARN_INFINITE_RECURSION = YES;
				CLANG_WARN_INT_CONVERSION = YES;
				CLANG_WARN_OBJC_ROOT_CLASS = YES_ERROR;
				CLANG_WARN_SUSPICIOUS_MOVE = YES;
				CLANG_WARN_UNREACHABLE_CODE = YES;
				CLANG_WARN__DUPLICATE_METHOD_MATCH = YES;
				CODE_SIGN_IDENTITY = "-";
				COPY_PHASE_STRIP = NO;
				DEBUG_INFORMATION_FORMAT = "dwarf-with-dsym";
				ENABLE_NS_ASSERTIONS = NO;
				ENABLE_STRICT_OBJC_MSGSEND = YES;
				GCC_C_LANGUAGE_STANDARD = gnu99;
				GCC_NO_COMMON_BLOCKS = YES;
				GCC_WARN_64_TO_32_BIT_CONVERSION = YES;
				GCC_WARN_ABOUT_RETURN_TYPE = YES_ERROR;
				GCC_WARN_UNDECLARED_SELECTOR = YES;
				GCC_WARN_UNINITIALIZED_AUTOS = YES_AGGRESSIVE;
				GCC_WARN_UNUSED_FUNCTION = YES;
				GCC_WARN_UNUSED_VARIABLE = YES;
				MACOSX_DEPLOYMENT_TARGET = 10.12;
				MTL_ENABLE_DEBUG_INFO = NO;
				SDKROOT = macosx;
			};
			name = Release;
		};
		894708451F4EBB2500285C95 /* Debug */ = {
			isa = XCBuildConfiguration;
			buildSettings = {
				DEVELOPMENT_TEAM = 997RL2KYD9;
				PRODUCT_NAME = "$(TARGET_NAME)";
			};
			name = Debug;
		};
		894708461F4EBB2500285C95 /* Release */ = {
			isa = XCBuildConfiguration;
			buildSettings = {
				DEVELOPMENT_TEAM = 997RL2KYD9;
				PRODUCT_NAME = "$(TARGET_NAME)";
			};
			name = Release;
		};
/* End XCBuildConfiguration section */

/* Begin XCConfigurationList section */
		894708381F4EBB2500285C95 /* Build configuration list for PBXProject "ChallengeClassStocks" */ = {
			isa = XCConfigurationList;
			buildConfigurations = (
				894708421F4EBB2500285C95 /* Debug */,
				894708431F4EBB2500285C95 /* Release */,
			);
			defaultConfigurationIsVisible = 0;
			defaultConfigurationName = Release;
		};
		894708441F4EBB2500285C95 /* Build configuration list for PBXNativeTarget "ChallengeClassStocks" */ = {
			isa = XCConfigurationList;
			buildConfigurations = (
				894708451F4EBB2500285C95 /* Debug */,
				894708461F4EBB2500285C95 /* Release */,
			);
			defaultConfigurationIsVisible = 0;
			defaultConfigurationName = Release;
		};
/* End XCConfigurationList section */
	};
	rootObject = 894708351F4EBB2500285C95 /* Project object */;
}
